
Microsoft Visual Studio Solution File, Format Version 12.00
# Visual Studio 15
VisualStudioVersion = 15.0.28307.106
MinimumVisualStudioVersion = 10.0.40219.1
Project("{9A19103F-16F7-4668-BE54-9A1E7A4F7556}") = "Dreamer.API", "Dreamer\Dreamer.API.csproj", "{689118B9-3719-426B-A2F3-47B2405F7DE5}"
EndProject
Project("{2150E333-8FDC-42A3-9474-1A3956D46DE8}") = "WebApi", "WebApi", "{88E29303-1096-4852-9A0F-3719B09F8145}"
EndProject
Project("{2150E333-8FDC-42A3-9474-1A3956D46DE8}") = "BoundedContext", "BoundedContext", "{103D3EEC-1231-446E-BE8C-71D53EBAB750}"
EndProject
Project("{9A19103F-16F7-4668-BE54-9A1E7A4F7556}") = "Dreamer.Domain", "Dreamer.Domain\Dreamer.Domain.csproj", "{3AC72EAD-C42F-44F8-9E9D-C10B75F2DFAE}"
EndProject
Project("{9A19103F-16F7-4668-BE54-9A1E7A4F7556}") = "Dreamer.IDomain", "Dreamer.IDomain\Dreamer.IDomain.csproj", "{B008E6E7-C29F-435B-9325-419E95F5B04F}"
EndProject
Project("{9A19103F-16F7-4668-BE54-9A1E7A4F7556}") = "Dreamer.Dto", "Dreamer.Dto\Dreamer.Dto.csproj", "{775719D4-74BC-4EE7-BFBE-34F8943D4C31}"
EndProject
Project("{2150E333-8FDC-42A3-9474-1A3956D46DE8}") = "Infrastructure", "Infrastructure", "{F1B77BAE-2214-4112-905F-0E0666121A38}"
EndProject
Project("{9A19103F-16F7-4668-BE54-9A1E7A4F7556}") = "Dreamer.Models", "Dreamer.Models\Dreamer.Models.csproj", "{B1E02AB9-11B8-4138-91B6-6EC0B86EF9AB}"
EndProject
Project("{9A19103F-16F7-4668-BE54-9A1E7A4F7556}") = "Dreamer.SqlServer", "Dreamer.SqlServer\Dreamer.SqlServer.csproj", "{E477FFF1-82C5-44BF-A1BA-649A9DC15A04}"
EndProject
Project("{9A19103F-16F7-4668-BE54-9A1E7A4F7556}") = "Dreamer.SharedContext", "Dreamer.SharedContext\Dreamer.SharedContext.csproj", "{615B97C9-FE87-4785-991D-469AE865A33A}"
EndProject
Project("{2150E333-8FDC-42A3-9474-1A3956D46DE8}") = "Services", "Services", "{48591BE9-A475-477E-9D65-2C7FB979DD45}"
EndProject
Project("{2150E333-8FDC-42A3-9474-1A3956D46DE8}") = "EmailNotifier", "EmailNotifier", "{D899A6F2-5A62-486C-90B0-4E40E06AAD28}"
EndProject
Project("{9A19103F-16F7-4668-BE54-9A1E7A4F7556}") = "Dreamer.EmailNotifier.Service", "Dreamer.EmailNotifier.Service\Dreamer.EmailNotifier.Service.csproj", "{37AC8DCD-0666-4BDB-98DA-8C69E1CFFC91}"
EndProject
Project("{9A19103F-16F7-4668-BE54-9A1E7A4F7556}") = "Dreamer.EmailNotifier.Dto", "Dreamer.EmailNotifier.Dto\Dreamer.EmailNotifier.Dto.csproj", "{98D1EDA2-A7E2-484E-9530-F0FD2F23E262}"
EndProject
Project("{9A19103F-16F7-4668-BE54-9A1E7A4F7556}") = "Dreamer.EmailNotifier.IService", "Dreamer.EmailNotifier.IService\Dreamer.EmailNotifier.IService.csproj", "{B68E882C-DD84-44DC-962B-AB3CC41CFFD7}"
EndProject
Project("{2150E333-8FDC-42A3-9474-1A3956D46DE8}") = "ShippingCostCalculator", "ShippingCostCalculator", "{3661FF63-0476-4529-9F9A-BCDB8AFCD544}"
EndProject
Project("{FAE04EC0-301F-11D3-BF4B-00C04F79EFBC}") = "Dreamer.ShippingCostCalculator.Service", "Dreamer.ShippingCostCalculator.Service\Dreamer.ShippingCostCalculator.Service.csproj", "{A5915F94-63DA-442A-9A46-8CEC960EE86D}"
EndProject
Project("{FAE04EC0-301F-11D3-BF4B-00C04F79EFBC}") = "Dreamer.ShippingCostCalculator.IService", "Dreamer.ShippingCostCalculator.IService\Dreamer.ShippingCostCalculator.IService.csproj", "{0D2DFFBC-3794-4C2B-AE45-E805E5AE0E10}"
EndProject
Project("{2150E333-8FDC-42A3-9474-1A3956D46DE8}") = "InternalHangfire", "InternalHangfire", "{B5BA1386-B864-4EDE-9C6A-D57A2F6BD7C9}"
EndProject
Project("{FAE04EC0-301F-11D3-BF4B-00C04F79EFBC}") = "Dreamer.InternalHangfire.Service", "Dreamer.InternalHangfire.Service\Dreamer.InternalHangfire.Service.csproj", "{F57C15A2-2328-4814-8225-DAE468E062C5}"
EndProject
Project("{FAE04EC0-301F-11D3-BF4B-00C04F79EFBC}") = "Dreamer.InternalHangfire.IService", "Dreamer.InternalHangfire.IService\Dreamer.InternalHangfire.IService.csproj", "{E6315A40-BA3F-4384-964B-1ABBFCFC7A96}"
EndProject
Global
	GlobalSection(SolutionConfigurationPlatforms) = preSolution
		Debug|Any CPU = Debug|Any CPU
		Release|Any CPU = Release|Any CPU
	EndGlobalSection
	GlobalSection(ProjectConfigurationPlatforms) = postSolution
		{689118B9-3719-426B-A2F3-47B2405F7DE5}.Debug|Any CPU.ActiveCfg = Debug|Any CPU
		{689118B9-3719-426B-A2F3-47B2405F7DE5}.Debug|Any CPU.Build.0 = Debug|Any CPU
		{689118B9-3719-426B-A2F3-47B2405F7DE5}.Release|Any CPU.ActiveCfg = Release|Any CPU
		{689118B9-3719-426B-A2F3-47B2405F7DE5}.Release|Any CPU.Build.0 = Release|Any CPU
		{3AC72EAD-C42F-44F8-9E9D-C10B75F2DFAE}.Debug|Any CPU.ActiveCfg = Debug|Any CPU
		{3AC72EAD-C42F-44F8-9E9D-C10B75F2DFAE}.Debug|Any CPU.Build.0 = Debug|Any CPU
		{3AC72EAD-C42F-44F8-9E9D-C10B75F2DFAE}.Release|Any CPU.ActiveCfg = Release|Any CPU
		{3AC72EAD-C42F-44F8-9E9D-C10B75F2DFAE}.Release|Any CPU.Build.0 = Release|Any CPU
		{B008E6E7-C29F-435B-9325-419E95F5B04F}.Debug|Any CPU.ActiveCfg = Debug|Any CPU
		{B008E6E7-C29F-435B-9325-419E95F5B04F}.Debug|Any CPU.Build.0 = Debug|Any CPU
		{B008E6E7-C29F-435B-9325-419E95F5B04F}.Release|Any CPU.ActiveCfg = Release|Any CPU
		{B008E6E7-C29F-435B-9325-419E95F5B04F}.Release|Any CPU.Build.0 = Release|Any CPU
		{775719D4-74BC-4EE7-BFBE-34F8943D4C31}.Debug|Any CPU.ActiveCfg = Debug|Any CPU
		{775719D4-74BC-4EE7-BFBE-34F8943D4C31}.Debug|Any CPU.Build.0 = Debug|Any CPU
		{775719D4-74BC-4EE7-BFBE-34F8943D4C31}.Release|Any CPU.ActiveCfg = Release|Any CPU
		{775719D4-74BC-4EE7-BFBE-34F8943D4C31}.Release|Any CPU.Build.0 = Release|Any CPU
		{B1E02AB9-11B8-4138-91B6-6EC0B86EF9AB}.Debug|Any CPU.ActiveCfg = Debug|Any CPU
		{B1E02AB9-11B8-4138-91B6-6EC0B86EF9AB}.Debug|Any CPU.Build.0 = Debug|Any CPU
		{B1E02AB9-11B8-4138-91B6-6EC0B86EF9AB}.Release|Any CPU.ActiveCfg = Release|Any CPU
		{B1E02AB9-11B8-4138-91B6-6EC0B86EF9AB}.Release|Any CPU.Build.0 = Release|Any CPU
		{E477FFF1-82C5-44BF-A1BA-649A9DC15A04}.Debug|Any CPU.ActiveCfg = Debug|Any CPU
		{E477FFF1-82C5-44BF-A1BA-649A9DC15A04}.Debug|Any CPU.Build.0 = Debug|Any CPU
		{E477FFF1-82C5-44BF-A1BA-649A9DC15A04}.Release|Any CPU.ActiveCfg = Release|Any CPU
		{E477FFF1-82C5-44BF-A1BA-649A9DC15A04}.Release|Any CPU.Build.0 = Release|Any CPU
		{615B97C9-FE87-4785-991D-469AE865A33A}.Debug|Any CPU.ActiveCfg = Debug|Any CPU
		{615B97C9-FE87-4785-991D-469AE865A33A}.Debug|Any CPU.Build.0 = Debug|Any CPU
		{615B97C9-FE87-4785-991D-469AE865A33A}.Release|Any CPU.ActiveCfg = Release|Any CPU
		{615B97C9-FE87-4785-991D-469AE865A33A}.Release|Any CPU.Build.0 = Release|Any CPU
		{37AC8DCD-0666-4BDB-98DA-8C69E1CFFC91}.Debug|Any CPU.ActiveCfg = Debug|Any CPU
		{37AC8DCD-0666-4BDB-98DA-8C69E1CFFC91}.Debug|Any CPU.Build.0 = Debug|Any CPU
		{37AC8DCD-0666-4BDB-98DA-8C69E1CFFC91}.Release|Any CPU.ActiveCfg = Release|Any CPU
		{37AC8DCD-0666-4BDB-98DA-8C69E1CFFC91}.Release|Any CPU.Build.0 = Release|Any CPU
		{98D1EDA2-A7E2-484E-9530-F0FD2F23E262}.Debug|Any CPU.ActiveCfg = Debug|Any CPU
		{98D1EDA2-A7E2-484E-9530-F0FD2F23E262}.Debug|Any CPU.Build.0 = Debug|Any CPU
		{98D1EDA2-A7E2-484E-9530-F0FD2F23E262}.Release|Any CPU.ActiveCfg = Release|Any CPU
		{98D1EDA2-A7E2-484E-9530-F0FD2F23E262}.Release|Any CPU.Build.0 = Release|Any CPU
		{B68E882C-DD84-44DC-962B-AB3CC41CFFD7}.Debug|Any CPU.ActiveCfg = Debug|Any CPU
		{B68E882C-DD84-44DC-962B-AB3CC41CFFD7}.Debug|Any CPU.Build.0 = Debug|Any CPU
		{B68E882C-DD84-44DC-962B-AB3CC41CFFD7}.Release|Any CPU.ActiveCfg = Release|Any CPU
		{B68E882C-DD84-44DC-962B-AB3CC41CFFD7}.Release|Any CPU.Build.0 = Release|Any CPU
		{A5915F94-63DA-442A-9A46-8CEC960EE86D}.Debug|Any CPU.ActiveCfg = Debug|Any CPU
		{A5915F94-63DA-442A-9A46-8CEC960EE86D}.Debug|Any CPU.Build.0 = Debug|Any CPU
		{A5915F94-63DA-442A-9A46-8CEC960EE86D}.Release|Any CPU.ActiveCfg = Release|Any CPU
		{A5915F94-63DA-442A-9A46-8CEC960EE86D}.Release|Any CPU.Build.0 = Release|Any CPU
		{0D2DFFBC-3794-4C2B-AE45-E805E5AE0E10}.Debug|Any CPU.ActiveCfg = Debug|Any CPU
		{0D2DFFBC-3794-4C2B-AE45-E805E5AE0E10}.Debug|Any CPU.Build.0 = Debug|Any CPU
		{0D2DFFBC-3794-4C2B-AE45-E805E5AE0E10}.Release|Any CPU.ActiveCfg = Release|Any CPU
		{0D2DFFBC-3794-4C2B-AE45-E805E5AE0E10}.Release|Any CPU.Build.0 = Release|Any CPU
		{F57C15A2-2328-4814-8225-DAE468E062C5}.Debug|Any CPU.ActiveCfg = Debug|Any CPU
		{F57C15A2-2328-4814-8225-DAE468E062C5}.Debug|Any CPU.Build.0 = Debug|Any CPU
		{F57C15A2-2328-4814-8225-DAE468E062C5}.Release|Any CPU.ActiveCfg = Release|Any CPU
		{F57C15A2-2328-4814-8225-DAE468E062C5}.Release|Any CPU.Build.0 = Release|Any CPU
		{E6315A40-BA3F-4384-964B-1ABBFCFC7A96}.Debug|Any CPU.ActiveCfg = Debug|Any CPU
		{E6315A40-BA3F-4384-964B-1ABBFCFC7A96}.Debug|Any CPU.Build.0 = Debug|Any CPU
		{E6315A40-BA3F-4384-964B-1ABBFCFC7A96}.Release|Any CPU.ActiveCfg = Release|Any CPU
		{E6315A40-BA3F-4384-964B-1ABBFCFC7A96}.Release|Any CPU.Build.0 = Release|Any CPU
	EndGlobalSection
	GlobalSection(SolutionProperties) = preSolution
		HideSolutionNode = FALSE
	EndGlobalSection
	GlobalSection(NestedProjects) = preSolution
		{689118B9-3719-426B-A2F3-47B2405F7DE5} = {88E29303-1096-4852-9A0F-3719B09F8145}
		{3AC72EAD-C42F-44F8-9E9D-C10B75F2DFAE} = {103D3EEC-1231-446E-BE8C-71D53EBAB750}
		{B008E6E7-C29F-435B-9325-419E95F5B04F} = {103D3EEC-1231-446E-BE8C-71D53EBAB750}
		{775719D4-74BC-4EE7-BFBE-34F8943D4C31} = {103D3EEC-1231-446E-BE8C-71D53EBAB750}
		{B1E02AB9-11B8-4138-91B6-6EC0B86EF9AB} = {F1B77BAE-2214-4112-905F-0E0666121A38}
		{E477FFF1-82C5-44BF-A1BA-649A9DC15A04} = {F1B77BAE-2214-4112-905F-0E0666121A38}
		{615B97C9-FE87-4785-991D-469AE865A33A} = {103D3EEC-1231-446E-BE8C-71D53EBAB750}
		{D899A6F2-5A62-486C-90B0-4E40E06AAD28} = {48591BE9-A475-477E-9D65-2C7FB979DD45}
		{37AC8DCD-0666-4BDB-98DA-8C69E1CFFC91} = {D899A6F2-5A62-486C-90B0-4E40E06AAD28}
		{98D1EDA2-A7E2-484E-9530-F0FD2F23E262} = {D899A6F2-5A62-486C-90B0-4E40E06AAD28}
		{B68E882C-DD84-44DC-962B-AB3CC41CFFD7} = {D899A6F2-5A62-486C-90B0-4E40E06AAD28}
		{3661FF63-0476-4529-9F9A-BCDB8AFCD544} = {48591BE9-A475-477E-9D65-2C7FB979DD45}
		{A5915F94-63DA-442A-9A46-8CEC960EE86D} = {3661FF63-0476-4529-9F9A-BCDB8AFCD544}
		{0D2DFFBC-3794-4C2B-AE45-E805E5AE0E10} = {3661FF63-0476-4529-9F9A-BCDB8AFCD544}
		{B5BA1386-B864-4EDE-9C6A-D57A2F6BD7C9} = {48591BE9-A475-477E-9D65-2C7FB979DD45}
		{F57C15A2-2328-4814-8225-DAE468E062C5} = {B5BA1386-B864-4EDE-9C6A-D57A2F6BD7C9}
		{E6315A40-BA3F-4384-964B-1ABBFCFC7A96} = {B5BA1386-B864-4EDE-9C6A-D57A2F6BD7C9}
	EndGlobalSection
	GlobalSection(ExtensibilityGlobals) = postSolution
		SolutionGuid = {83BC6A39-296C-49A0-9F56-7761610FA0C5}
	EndGlobalSection
EndGlobal
